
Microsoft Visual Studio Solution File, Format Version 12.00
# Visual Studio 15
VisualStudioVersion = 15.0.27703.2035
MinimumVisualStudioVersion = 10.0.40219.1
Project("{FAE04EC0-301F-11D3-BF4B-00C04F79EFBC}") = "ConsoleAppTestGit", "ConsoleAppTestGit\ConsoleAppTestGit.csproj", "{57D242B5-FC6D-456D-93C0-ED6A95343725}"
EndProject
Global
	GlobalSection(SolutionConfigurationPlatforms) = preSolution
		Debug|Any CPU = Debug|Any CPU
		Release|Any CPU = Release|Any CPU
	EndGlobalSection
	GlobalSection(ProjectConfigurationPlatforms) = postSolution
		{57D242B5-FC6D-456D-93C0-ED6A95343725}.Debug|Any CPU.ActiveCfg = Debug|Any CPU
		{57D242B5-FC6D-456D-93C0-ED6A95343725}.Debug|Any CPU.Build.0 = Debug|Any CPU
		{57D242B5-FC6D-456D-93C0-ED6A95343725}.Release|Any CPU.ActiveCfg = Release|Any CPU
		{57D242B5-FC6D-456D-93C0-ED6A95343725}.Release|Any CPU.Build.0 = Release|Any CPU
	EndGlobalSection
	GlobalSection(SolutionProperties) = preSolution
		HideSolutionNode = FALSE
	EndGlobalSection
	GlobalSection(ExtensibilityGlobals) = postSolution
		SolutionGuid = {A26DE67A-C549-45C5-8484-D0E191F167D9}
	EndGlobalSection
EndGlobal
